
Microsoft Visual Studio Solution File, Format Version 12.00
# Visual Studio Version 17
VisualStudioVersion = 17.13.35731.43 d17.13
MinimumVisualStudioVersion = 10.0.40219.1
Project("{FAE04EC0-301F-11D3-BF4B-00C04F79EFBC}") = "Demo_1", "Demo_1\Demo_1.csproj", "{19D12D26-EE9E-4E69-9C23-400D9190F19B}"
EndProject
Global
	GlobalSection(SolutionConfigurationPlatforms) = preSolution
		Debug|Any CPU = Debug|Any CPU
		Release|Any CPU = Release|Any CPU
	EndGlobalSection
	GlobalSection(ProjectConfigurationPlatforms) = postSolution
		{19D12D26-EE9E-4E69-9C23-400D9190F19B}.Debug|Any CPU.ActiveCfg = Debug|Any CPU
		{19D12D26-EE9E-4E69-9C23-400D9190F19B}.Debug|Any CPU.Build.0 = Debug|Any CPU
		{19D12D26-EE9E-4E69-9C23-400D9190F19B}.Release|Any CPU.ActiveCfg = Release|Any CPU
		{19D12D26-EE9E-4E69-9C23-400D9190F19B}.Release|Any CPU.Build.0 = Release|Any CPU
	EndGlobalSection
	GlobalSection(SolutionProperties) = preSolution
		HideSolutionNode = FALSE
	EndGlobalSection
	GlobalSection(ExtensibilityGlobals) = postSolution
		SolutionGuid = {0CACDE40-8F79-4882-980C-A64C0A197DA2}
	EndGlobalSection
EndGlobal
