
Microsoft Visual Studio Solution File, Format Version 12.00
# Visual Studio Version 17
VisualStudioVersion = 17.12.35707.178 d17.12
MinimumVisualStudioVersion = 10.0.40219.1
Project("{FAE04EC0-301F-11D3-BF4B-00C04F79EFBC}") = "Assignment_2", "Assignment_2\Assignment_2.csproj", "{05F8F0C1-C89D-4F82-B4F4-67C204CF77B5}"
EndProject
Global
	GlobalSection(SolutionConfigurationPlatforms) = preSolution
		Debug|Any CPU = Debug|Any CPU
		Release|Any CPU = Release|Any CPU
	EndGlobalSection
	GlobalSection(ProjectConfigurationPlatforms) = postSolution
		{05F8F0C1-C89D-4F82-B4F4-67C204CF77B5}.Debug|Any CPU.ActiveCfg = Debug|Any CPU
		{05F8F0C1-C89D-4F82-B4F4-67C204CF77B5}.Debug|Any CPU.Build.0 = Debug|Any CPU
		{05F8F0C1-C89D-4F82-B4F4-67C204CF77B5}.Release|Any CPU.ActiveCfg = Release|Any CPU
		{05F8F0C1-C89D-4F82-B4F4-67C204CF77B5}.Release|Any CPU.Build.0 = Release|Any CPU
	EndGlobalSection
	GlobalSection(SolutionProperties) = preSolution
		HideSolutionNode = FALSE
	EndGlobalSection
EndGlobal
